
Microsoft Visual Studio Solution File, Format Version 12.00
# Visual Studio Version 16
VisualStudioVersion = 16.0.30428.66
MinimumVisualStudioVersion = 10.0.40219.1
Project("{FAE04EC0-301F-11D3-BF4B-00C04F79EFBC}") = "CPL20Archive", "src\CPL20Archive\CPL20Archive.csproj", "{7538AA07-45C1-4E1F-95E8-CB6F4A8F4F79}"
EndProject
Project("{FAE04EC0-301F-11D3-BF4B-00C04F79EFBC}") = "CPL20ArchiveBuilder", "..\CPL20ArchiveBuilder\CPL20ArchiveBuilder.csproj", "{371C728E-9DC4-4DD4-BFBA-F33BF740F6A9}"
EndProject
Global
	GlobalSection(SolutionConfigurationPlatforms) = preSolution
		Debug|Any CPU = Debug|Any CPU
		Release|Any CPU = Release|Any CPU
	EndGlobalSection
	GlobalSection(ProjectConfigurationPlatforms) = postSolution
		{7538AA07-45C1-4E1F-95E8-CB6F4A8F4F79}.Debug|Any CPU.ActiveCfg = Debug|Any CPU
		{7538AA07-45C1-4E1F-95E8-CB6F4A8F4F79}.Debug|Any CPU.Build.0 = Debug|Any CPU
		{7538AA07-45C1-4E1F-95E8-CB6F4A8F4F79}.Release|Any CPU.ActiveCfg = Release|Any CPU
		{7538AA07-45C1-4E1F-95E8-CB6F4A8F4F79}.Release|Any CPU.Build.0 = Release|Any CPU
		{371C728E-9DC4-4DD4-BFBA-F33BF740F6A9}.Debug|Any CPU.ActiveCfg = Debug|Any CPU
		{371C728E-9DC4-4DD4-BFBA-F33BF740F6A9}.Debug|Any CPU.Build.0 = Debug|Any CPU
		{371C728E-9DC4-4DD4-BFBA-F33BF740F6A9}.Release|Any CPU.ActiveCfg = Release|Any CPU
		{371C728E-9DC4-4DD4-BFBA-F33BF740F6A9}.Release|Any CPU.Build.0 = Release|Any CPU
	EndGlobalSection
	GlobalSection(SolutionProperties) = preSolution
		HideSolutionNode = FALSE
	EndGlobalSection
	GlobalSection(ExtensibilityGlobals) = postSolution
		SolutionGuid = {B15C5396-A1DF-4EFF-8158-6CA9416B3675}
	EndGlobalSection
EndGlobal
